
Microsoft Visual Studio Solution File, Format Version 12.00
# Visual Studio Version 17
VisualStudioVersion = 17.6.33829.357
MinimumVisualStudioVersion = 10.0.40219.1
Project("{FAE04EC0-301F-11D3-BF4B-00C04F79EFBC}") = "Cryptography", "Cryptography\Cryptography.csproj", "{5D94FF18-E7B3-4911-ACD3-1DDBE8AE34ED}"
EndProject
Global
	GlobalSection(SolutionConfigurationPlatforms) = preSolution
		Debug|Any CPU = Debug|Any CPU
		Release|Any CPU = Release|Any CPU
	EndGlobalSection
	GlobalSection(ProjectConfigurationPlatforms) = postSolution
		{5D94FF18-E7B3-4911-ACD3-1DDBE8AE34ED}.Debug|Any CPU.ActiveCfg = Debug|Any CPU
		{5D94FF18-E7B3-4911-ACD3-1DDBE8AE34ED}.Debug|Any CPU.Build.0 = Debug|Any CPU
		{5D94FF18-E7B3-4911-ACD3-1DDBE8AE34ED}.Release|Any CPU.ActiveCfg = Release|Any CPU
		{5D94FF18-E7B3-4911-ACD3-1DDBE8AE34ED}.Release|Any CPU.Build.0 = Release|Any CPU
	EndGlobalSection
	GlobalSection(SolutionProperties) = preSolution
		HideSolutionNode = FALSE
	EndGlobalSection
	GlobalSection(ExtensibilityGlobals) = postSolution
		SolutionGuid = {F5154FCB-18EA-45A1-A62F-8706D0B6FD6C}
	EndGlobalSection
EndGlobal
